Microsoft Visual Studio Solution File, Format Version 12.00
# Visual Studio 14
Project("{8BC9CEB8-8B4A-11D0-8D11-00A0C91BC942}") = "ALL_BUILD", "ALL_BUILD.vcxproj", "{28610C61-C637-3CD1-A51F-D9CC05161606}"
	ProjectSection(ProjectDependencies) = postProject
		{C6577344-484C-3B24-B438-06D6E99631AC} = {C6577344-484C-3B24-B438-06D6E99631AC}
		{A11A57BA-8B71-3C0C-9258-08B8C732802D} = {A11A57BA-8B71-3C0C-9258-08B8C732802D}
	EndProjectSection
EndProject
Project("{8BC9CEB8-8B4A-11D0-8D11-00A0C91BC942}") = "NplCefPlugin", "NplCefPlugin.vcxproj", "{C6577344-484C-3B24-B438-06D6E99631AC}"
	ProjectSection(ProjectDependencies) = postProject
		{A11A57BA-8B71-3C0C-9258-08B8C732802D} = {A11A57BA-8B71-3C0C-9258-08B8C732802D}
		{693A7ADE-DF6A-341E-BA14-FDBA0968C765} = {693A7ADE-DF6A-341E-BA14-FDBA0968C765}
	EndProjectSection
EndProject
Project("{8BC9CEB8-8B4A-11D0-8D11-00A0C91BC942}") = "ZERO_CHECK", "..\\ZERO_CHECK.vcxproj", "{A11A57BA-8B71-3C0C-9258-08B8C732802D}"
	ProjectSection(ProjectDependencies) = postProject
	EndProjectSection
EndProject
Project("{8BC9CEB8-8B4A-11D0-8D11-00A0C91BC942}") = "libcef_dll_wrapper", "..\deps\cef3\libcef_dll_wrapper\libcef_dll_wrapper.vcxproj", "{693A7ADE-DF6A-341E-BA14-FDBA0968C765}"
	ProjectSection(ProjectDependencies) = postProject
		{A11A57BA-8B71-3C0C-9258-08B8C732802D} = {A11A57BA-8B71-3C0C-9258-08B8C732802D}
	EndProjectSection
EndProject
Global
	GlobalSection(SolutionConfigurationPlatforms) = preSolution
		Debug|Win32 = Debug|Win32
		Release|Win32 = Release|Win32
		MinSizeRel|Win32 = MinSizeRel|Win32
		RelWithDebInfo|Win32 = RelWithDebInfo|Win32
	EndGlobalSection
	GlobalSection(ProjectConfigurationPlatforms) = postSolution
		{28610C61-C637-3CD1-A51F-D9CC05161606}.Debug|Win32.ActiveCfg = Debug|Win32
		{28610C61-C637-3CD1-A51F-D9CC05161606}.Release|Win32.ActiveCfg = Release|Win32
		{28610C61-C637-3CD1-A51F-D9CC05161606}.MinSizeRel|Win32.ActiveCfg = MinSizeRel|Win32
		{28610C61-C637-3CD1-A51F-D9CC05161606}.RelWithDebInfo|Win32.ActiveCfg = RelWithDebInfo|Win32
		{C6577344-484C-3B24-B438-06D6E99631AC}.Debug|Win32.ActiveCfg = Debug|Win32
		{C6577344-484C-3B24-B438-06D6E99631AC}.Debug|Win32.Build.0 = Debug|Win32
		{C6577344-484C-3B24-B438-06D6E99631AC}.Release|Win32.ActiveCfg = Release|Win32
		{C6577344-484C-3B24-B438-06D6E99631AC}.Release|Win32.Build.0 = Release|Win32
		{C6577344-484C-3B24-B438-06D6E99631AC}.MinSizeRel|Win32.ActiveCfg = MinSizeRel|Win32
		{C6577344-484C-3B24-B438-06D6E99631AC}.MinSizeRel|Win32.Build.0 = MinSizeRel|Win32
		{C6577344-484C-3B24-B438-06D6E99631AC}.RelWithDebInfo|Win32.ActiveCfg = RelWithDebInfo|Win32
		{C6577344-484C-3B24-B438-06D6E99631AC}.RelWithDebInfo|Win32.Build.0 = RelWithDebInfo|Win32
		{A11A57BA-8B71-3C0C-9258-08B8C732802D}.Debug|Win32.ActiveCfg = Debug|Win32
		{A11A57BA-8B71-3C0C-9258-08B8C732802D}.Debug|Win32.Build.0 = Debug|Win32
		{A11A57BA-8B71-3C0C-9258-08B8C732802D}.Release|Win32.ActiveCfg = Release|Win32
		{A11A57BA-8B71-3C0C-9258-08B8C732802D}.Release|Win32.Build.0 = Release|Win32
		{A11A57BA-8B71-3C0C-9258-08B8C732802D}.MinSizeRel|Win32.ActiveCfg = MinSizeRel|Win32
		{A11A57BA-8B71-3C0C-9258-08B8C732802D}.MinSizeRel|Win32.Build.0 = MinSizeRel|Win32
		{A11A57BA-8B71-3C0C-9258-08B8C732802D}.RelWithDebInfo|Win32.ActiveCfg = RelWithDebInfo|Win32
		{A11A57BA-8B71-3C0C-9258-08B8C732802D}.RelWithDebInfo|Win32.Build.0 = RelWithDebInfo|Win32
		{693A7ADE-DF6A-341E-BA14-FDBA0968C765}.Debug|Win32.ActiveCfg = Debug|Win32
		{693A7ADE-DF6A-341E-BA14-FDBA0968C765}.Debug|Win32.Build.0 = Debug|Win32
		{693A7ADE-DF6A-341E-BA14-FDBA0968C765}.Release|Win32.ActiveCfg = Release|Win32
		{693A7ADE-DF6A-341E-BA14-FDBA0968C765}.Release|Win32.Build.0 = Release|Win32
		{693A7ADE-DF6A-341E-BA14-FDBA0968C765}.MinSizeRel|Win32.ActiveCfg = MinSizeRel|Win32
		{693A7ADE-DF6A-341E-BA14-FDBA0968C765}.MinSizeRel|Win32.Build.0 = MinSizeRel|Win32
		{693A7ADE-DF6A-341E-BA14-FDBA0968C765}.RelWithDebInfo|Win32.ActiveCfg = RelWithDebInfo|Win32
		{693A7ADE-DF6A-341E-BA14-FDBA0968C765}.RelWithDebInfo|Win32.Build.0 = RelWithDebInfo|Win32
	EndGlobalSection
	GlobalSection(ExtensibilityGlobals) = postSolution
	EndGlobalSection
	GlobalSection(ExtensibilityAddIns) = postSolution
	EndGlobalSection
EndGlobal
